
Microsoft Visual Studio Solution File, Format Version 12.00
# Visual Studio Version 17
VisualStudioVersion = 17.7.34031.279
MinimumVisualStudioVersion = 10.0.40219.1
Project("{FAE04EC0-301F-11D3-BF4B-00C04F79EFBC}") = "WebAPI", "WebAPI\WebAPI.csproj", "{8A02A1EC-61AD-4B94-80FB-2D92E01CC847}"
EndProject
Global
	GlobalSection(SolutionConfigurationPlatforms) = preSolution
		Debug|Any CPU = Debug|Any CPU
		Release|Any CPU = Release|Any CPU
	EndGlobalSection
	GlobalSection(ProjectConfigurationPlatforms) = postSolution
		{8A02A1EC-61AD-4B94-80FB-2D92E01CC847}.Debug|Any CPU.ActiveCfg = Debug|Any CPU
		{8A02A1EC-61AD-4B94-80FB-2D92E01CC847}.Debug|Any CPU.Build.0 = Debug|Any CPU
		{8A02A1EC-61AD-4B94-80FB-2D92E01CC847}.Release|Any CPU.ActiveCfg = Release|Any CPU
		{8A02A1EC-61AD-4B94-80FB-2D92E01CC847}.Release|Any CPU.Build.0 = Release|Any CPU
	EndGlobalSection
	GlobalSection(SolutionProperties) = preSolution
		HideSolutionNode = FALSE
	EndGlobalSection
	GlobalSection(ExtensibilityGlobals) = postSolution
		SolutionGuid = {E3685C34-3913-4520-BBB5-76CD8C8DCAF6}
	EndGlobalSection
EndGlobal
